Microsoft Visual Studio Solution File, Format Version 12.00
# Visual Studio Version 17
VisualStudioVersion = 17.5.2.0
MinimumVisualStudioVersion = 10.0.40219.1
Project("{FAE04EC0-301F-11D3-BF4B-00C04F79EFBC}") = "LeadSphere.Discovery.Function", "LeadSphere.Discovery.Function\LeadSphere.Discovery.Function.csproj", "{9CCEABBB-79DC-0148-F838-A5CDADC5DC6F}"
EndProject
Global
	GlobalSection(SolutionConfigurationPlatforms) = preSolution
		Debug|Any CPU = Debug|Any CPU
		Release|Any CPU = Release|Any CPU
	EndGlobalSection
	GlobalSection(ProjectConfigurationPlatforms) = postSolution
		{9CCEABBB-79DC-0148-F838-A5CDADC5DC6F}.Debug|Any CPU.ActiveCfg = Debug|Any CPU
		{9CCEABBB-79DC-0148-F838-A5CDADC5DC6F}.Debug|Any CPU.Build.0 = Debug|Any CPU
		{9CCEABBB-79DC-0148-F838-A5CDADC5DC6F}.Release|Any CPU.ActiveCfg = Release|Any CPU
		{9CCEABBB-79DC-0148-F838-A5CDADC5DC6F}.Release|Any CPU.Build.0 = Release|Any CPU
	EndGlobalSection
	GlobalSection(SolutionProperties) = preSolution
		HideSolutionNode = FALSE
	EndGlobalSection
	GlobalSection(ExtensibilityGlobals) = postSolution
		SolutionGuid = {098E4309-58D7-4B37-9327-704C5BF4546C}
	EndGlobalSection
EndGlobal
